
Microsoft Visual Studio Solution File, Format Version 12.00
# Visual Studio Version 17
VisualStudioVersion = 17.0.31903.59
MinimumVisualStudioVersion = 10.0.40219.1
Project("{FAE04EC0-301F-11D3-BF4B-00C04F79EFBC}") = "BellaFrisoer.WebUi", "BellaFrisoer.WebUi\BellaFrisoer.WebUi.csproj", "{105EE3F3-A1D5-42EF-A548-8A02BE522060}"
	ProjectSection(ProjectDependencies) = postProject
		{685D1228-F536-4ECF-BA0A-0A6B558B8EBE} = {685D1228-F536-4ECF-BA0A-0A6B558B8EBE}
	EndProjectSection
EndProject
Project("{FAE04EC0-301F-11D3-BF4B-00C04F79EFBC}") = "BellaFrisoer.Application", "BellaFrisoer.Application\BellaFrisoer.Application.csproj", "{13BD4CDE-09A3-486E-B0E0-F331851B22C6}"
EndProject
Project("{FAE04EC0-301F-11D3-BF4B-00C04F79EFBC}") = "BellaFrisoer.Domain", "BellaFrisoer.Domain\BellaFrisoer.Domain.csproj", "{1E670FEA-3BD6-46A5-BB26-C3E7FB2FFEAE}"
EndProject
Project("{FAE04EC0-301F-11D3-BF4B-00C04F79EFBC}") = "BellaFrisoer.Domain.Test", "BellaFrisoer.Domain.Test\BellaFrisoer.Domain.Test.csproj", "{3FB40F88-B6C8-428A-8B7E-01C5FD1B0DC9}"
EndProject
Project("{FAE04EC0-301F-11D3-BF4B-00C04F79EFBC}") = "BellaFrisoer.Infrastructure", "BellaFrisoer.Infrastructure\BellaFrisoer.Infrastructure.csproj", "{685D1228-F536-4ECF-BA0A-0A6B558B8EBE}"
	ProjectSection(ProjectDependencies) = postProject
		{13BD4CDE-09A3-486E-B0E0-F331851B22C6} = {13BD4CDE-09A3-486E-B0E0-F331851B22C6}
		{1E670FEA-3BD6-46A5-BB26-C3E7FB2FFEAE} = {1E670FEA-3BD6-46A5-BB26-C3E7FB2FFEAE}
	EndProjectSection
EndProject
Global
	GlobalSection(SolutionConfigurationPlatforms) = preSolution
		Debug|Any CPU = Debug|Any CPU
		Debug|x64 = Debug|x64
		Debug|x86 = Debug|x86
		Release|Any CPU = Release|Any CPU
		Release|x64 = Release|x64
		Release|x86 = Release|x86
	EndGlobalSection
	GlobalSection(ProjectConfigurationPlatforms) = postSolution
		{105EE3F3-A1D5-42EF-A548-8A02BE522060}.Debug|Any CPU.ActiveCfg = Debug|Any CPU
		{105EE3F3-A1D5-42EF-A548-8A02BE522060}.Debug|Any CPU.Build.0 = Debug|Any CPU
		{105EE3F3-A1D5-42EF-A548-8A02BE522060}.Debug|x64.ActiveCfg = Debug|Any CPU
		{105EE3F3-A1D5-42EF-A548-8A02BE522060}.Debug|x64.Build.0 = Debug|Any CPU
		{105EE3F3-A1D5-42EF-A548-8A02BE522060}.Debug|x86.ActiveCfg = Debug|Any CPU
		{105EE3F3-A1D5-42EF-A548-8A02BE522060}.Debug|x86.Build.0 = Debug|Any CPU
		{105EE3F3-A1D5-42EF-A548-8A02BE522060}.Release|Any CPU.ActiveCfg = Release|Any CPU
		{105EE3F3-A1D5-42EF-A548-8A02BE522060}.Release|Any CPU.Build.0 = Release|Any CPU
		{105EE3F3-A1D5-42EF-A548-8A02BE522060}.Release|x64.ActiveCfg = Release|Any CPU
		{105EE3F3-A1D5-42EF-A548-8A02BE522060}.Release|x64.Build.0 = Release|Any CPU
		{105EE3F3-A1D5-42EF-A548-8A02BE522060}.Release|x86.ActiveCfg = Release|Any CPU
		{105EE3F3-A1D5-42EF-A548-8A02BE522060}.Release|x86.Build.0 = Release|Any CPU
		{13BD4CDE-09A3-486E-B0E0-F331851B22C6}.Debug|Any CPU.ActiveCfg = Debug|Any CPU
		{13BD4CDE-09A3-486E-B0E0-F331851B22C6}.Debug|Any CPU.Build.0 = Debug|Any CPU
		{13BD4CDE-09A3-486E-B0E0-F331851B22C6}.Debug|x64.ActiveCfg = Debug|Any CPU
		{13BD4CDE-09A3-486E-B0E0-F331851B22C6}.Debug|x64.Build.0 = Debug|Any CPU
		{13BD4CDE-09A3-486E-B0E0-F331851B22C6}.Debug|x86.ActiveCfg = Debug|Any CPU
		{13BD4CDE-09A3-486E-B0E0-F331851B22C6}.Debug|x86.Build.0 = Debug|Any CPU
		{13BD4CDE-09A3-486E-B0E0-F331851B22C6}.Release|Any CPU.ActiveCfg = Release|Any CPU
		{13BD4CDE-09A3-486E-B0E0-F331851B22C6}.Release|Any CPU.Build.0 = Release|Any CPU
		{13BD4CDE-09A3-486E-B0E0-F331851B22C6}.Release|x64.ActiveCfg = Release|Any CPU
		{13BD4CDE-09A3-486E-B0E0-F331851B22C6}.Release|x64.Build.0 = Release|Any CPU
		{13BD4CDE-09A3-486E-B0E0-F331851B22C6}.Release|x86.ActiveCfg = Release|Any CPU
		{13BD4CDE-09A3-486E-B0E0-F331851B22C6}.Release|x86.Build.0 = Release|Any CPU
		{1E670FEA-3BD6-46A5-BB26-C3E7FB2FFEAE}.Debug|Any CPU.ActiveCfg = Debug|Any CPU
		{1E670FEA-3BD6-46A5-BB26-C3E7FB2FFEAE}.Debug|Any CPU.Build.0 = Debug|Any CPU
		{1E670FEA-3BD6-46A5-BB26-C3E7FB2FFEAE}.Debug|x64.ActiveCfg = Debug|Any CPU
		{1E670FEA-3BD6-46A5-BB26-C3E7FB2FFEAE}.Debug|x64.Build.0 = Debug|Any CPU
		{1E670FEA-3BD6-46A5-BB26-C3E7FB2FFEAE}.Debug|x86.ActiveCfg = Debug|Any CPU
		{1E670FEA-3BD6-46A5-BB26-C3E7FB2FFEAE}.Debug|x86.Build.0 = Debug|Any CPU
		{1E670FEA-3BD6-46A5-BB26-C3E7FB2FFEAE}.Release|Any CPU.ActiveCfg = Release|Any CPU
		{1E670FEA-3BD6-46A5-BB26-C3E7FB2FFEAE}.Release|Any CPU.Build.0 = Release|Any CPU
		{1E670FEA-3BD6-46A5-BB26-C3E7FB2FFEAE}.Release|x64.ActiveCfg = Release|Any CPU
		{1E670FEA-3BD6-46A5-BB26-C3E7FB2FFEAE}.Release|x64.Build.0 = Release|Any CPU
		{1E670FEA-3BD6-46A5-BB26-C3E7FB2FFEAE}.Release|x86.ActiveCfg = Release|Any CPU
		{1E670FEA-3BD6-46A5-BB26-C3E7FB2FFEAE}.Release|x86.Build.0 = Release|Any CPU
		{3FB40F88-B6C8-428A-8B7E-01C5FD1B0DC9}.Debug|Any CPU.ActiveCfg = Debug|Any CPU
		{3FB40F88-B6C8-428A-8B7E-01C5FD1B0DC9}.Debug|Any CPU.Build.0 = Debug|Any CPU
		{3FB40F88-B6C8-428A-8B7E-01C5FD1B0DC9}.Debug|x64.ActiveCfg = Debug|Any CPU
		{3FB40F88-B6C8-428A-8B7E-01C5FD1B0DC9}.Debug|x64.Build.0 = Debug|Any CPU
		{3FB40F88-B6C8-428A-8B7E-01C5FD1B0DC9}.Debug|x86.ActiveCfg = Debug|Any CPU
		{3FB40F88-B6C8-428A-8B7E-01C5FD1B0DC9}.Debug|x86.Build.0 = Debug|Any CPU
		{3FB40F88-B6C8-428A-8B7E-01C5FD1B0DC9}.Release|Any CPU.ActiveCfg = Release|Any CPU
		{3FB40F88-B6C8-428A-8B7E-01C5FD1B0DC9}.Release|Any CPU.Build.0 = Release|Any CPU
		{3FB40F88-B6C8-428A-8B7E-01C5FD1B0DC9}.Release|x64.ActiveCfg = Release|Any CPU
		{3FB40F88-B6C8-428A-8B7E-01C5FD1B0DC9}.Release|x64.Build.0 = Release|Any CPU
		{3FB40F88-B6C8-428A-8B7E-01C5FD1B0DC9}.Release|x86.ActiveCfg = Release|Any CPU
		{3FB40F88-B6C8-428A-8B7E-01C5FD1B0DC9}.Release|x86.Build.0 = Release|Any CPU
		{685D1228-F536-4ECF-BA0A-0A6B558B8EBE}.Debug|Any CPU.ActiveCfg = Debug|Any CPU
		{685D1228-F536-4ECF-BA0A-0A6B558B8EBE}.Debug|Any CPU.Build.0 = Debug|Any CPU
		{685D1228-F536-4ECF-BA0A-0A6B558B8EBE}.Debug|x64.ActiveCfg = Debug|Any CPU
		{685D1228-F536-4ECF-BA0A-0A6B558B8EBE}.Debug|x64.Build.0 = Debug|Any CPU
		{685D1228-F536-4ECF-BA0A-0A6B558B8EBE}.Debug|x86.ActiveCfg = Debug|Any CPU
		{685D1228-F536-4ECF-BA0A-0A6B558B8EBE}.Debug|x86.Build.0 = Debug|Any CPU
		{685D1228-F536-4ECF-BA0A-0A6B558B8EBE}.Release|Any CPU.ActiveCfg = Release|Any CPU
		{685D1228-F536-4ECF-BA0A-0A6B558B8EBE}.Release|Any CPU.Build.0 = Release|Any CPU
		{685D1228-F536-4ECF-BA0A-0A6B558B8EBE}.Release|x64.ActiveCfg = Release|Any CPU
		{685D1228-F536-4ECF-BA0A-0A6B558B8EBE}.Release|x64.Build.0 = Release|Any CPU
		{685D1228-F536-4ECF-BA0A-0A6B558B8EBE}.Release|x86.ActiveCfg = Release|Any CPU
		{685D1228-F536-4ECF-BA0A-0A6B558B8EBE}.Release|x86.Build.0 = Release|Any CPU
	EndGlobalSection
	GlobalSection(SolutionProperties) = preSolution
		HideSolutionNode = FALSE
	EndGlobalSection
	GlobalSection(ExtensibilityGlobals) = postSolution
		SolutionGuid = {61193585-EB3E-4F75-9294-ECA15BEB3135}
	EndGlobalSection
EndGlobal
